{
  "originHash" : "9dca063849bdbdffd8295270c5b6acd7120b98eaf5ebe6410951423da538d903",
  "pins" : [
    {
      "identity" : "lottie-spm",
      "kind" : "remoteSourceControl",
      "location" : "https://github.com/airbnb/lottie-spm.git",
      "state" : {
        "revision" : "0aff16288f8dc1e3dab35cbf5cf45979673fd3df",
        "version" : "4.6.1"
      }
    }
  ],
  "version" : 3
}
