// !$*UTF8*$!
{
	archiveVersion = 1;
	classes = {
	};
	objectVersion = 77;
	objects = {

/* Begin PBXBuildFile section */
		280F6C03B9BAF22B4E3287A6 /* ESMotionDemoUITests.swift in Sources */ = {isa = PBXBuildFile; fileRef = 75B80706B0A0E5712BFBA8BA /* ESMotionDemoUITests.swift */; };
		6355A666F06EC5C83BD8C07B /* ESMotionDemoApp.swift in Sources */ = {isa = PBXBuildFile; fileRef = B9CF0CED51969D8306C173F9 /* ESMotionDemoApp.swift */; };
		9DE5E151D62EDD13F6DA9A64 /* ESMotion in Frameworks */ = {isa = PBXBuildFile; productRef = 3E6B4FDA4798C5E684BE550C /* ESMotion */; };
/* End PBXBuildFile section */

/* Begin PBXContainerItemProxy section */
		D0AA775F786B9FB1F444F848 /* PBXContainerItemProxy */ = {
			isa = PBXContainerItemProxy;
			containerPortal = 0A1B8504A1FF299FE0ABA752 /* Project object */;
			proxyType = 1;
			remoteGlobalIDString = 8C2D5F7BEE99A202A385CF5F;
			remoteInfo = ESMotionDemo;
		};
/* End PBXContainerItemProxy section */

/* Begin PBXFileReference section */
		3FF3FECCFBCC56021490FDF0 /* ESMotionDemo.app */ = {isa = PBXFileReference; explicitFileType = wrapper.application; includeInIndex = 0; path = ESMotionDemo.app; sourceTree = BUILT_PRODUCTS_DIR; };
		75B80706B0A0E5712BFBA8BA /* ESMotionDemoUITests.swift */ = {isa = PBXFileReference; lastKnownFileType = sourcecode.swift; path = ESMotionDemoUITests.swift; sourceTree = "<group>"; };
		964A3ADCA77842583C5BB44D /* ESMotionDemoUITests.xctest */ = {isa = PBXFileReference; includeInIndex = 0; lastKnownFileType = wrapper.cfbundle; path = ESMotionDemoUITests.xctest; sourceTree = BUILT_PRODUCTS_DIR; };
		B9CF0CED51969D8306C173F9 /* ESMotionDemoApp.swift */ = {isa = PBXFileReference; lastKnownFileType = sourcecode.swift; path = ESMotionDemoApp.swift; sourceTree = "<group>"; };
		BBCE841074C406087259AFAD /* ESMotion */ = {isa = PBXFileReference; lastKnownFileType = folder; name = ESMotion; path = ../..; sourceTree = SOURCE_ROOT; };
/* End PBXFileReference section */

/* Begin PBXFrameworksBuildPhase section */
		4F247986E472BEEF4BA91169 /* Frameworks */ = {
			isa = PBXFrameworksBuildPhase;
			buildActionMask = 2147483647;
			files = (
				9DE5E151D62EDD13F6DA9A64 /* ESMotion in Frameworks */,
			);
			runOnlyForDeploymentPostprocessing = 0;
		};
/* End PBXFrameworksBuildPhase section */

/* Begin PBXGroup section */
		33F483CA31774E5858225AE4 /* Packages */ = {
			isa = PBXGroup;
			children = (
				BBCE841074C406087259AFAD /* ESMotion */,
			);
			name = Packages;
			sourceTree = "<group>";
		};
		901C7BEC3F9C59020686CF23 /* ESMotionDemo */ = {
			isa = PBXGroup;
			children = (
				B9CF0CED51969D8306C173F9 /* ESMotionDemoApp.swift */,
			);
			path = ESMotionDemo;
			sourceTree = "<group>";
		};
		915DAF67920AF90B5435C441 /* ESMotionDemoUITests */ = {
			isa = PBXGroup;
			children = (
				75B80706B0A0E5712BFBA8BA /* ESMotionDemoUITests.swift */,
			);
			path = ESMotionDemoUITests;
			sourceTree = "<group>";
		};
		EF294883C51A0BF94C037712 = {
			isa = PBXGroup;
			children = (
				901C7BEC3F9C59020686CF23 /* ESMotionDemo */,
				915DAF67920AF90B5435C441 /* ESMotionDemoUITests */,
				33F483CA31774E5858225AE4 /* Packages */,
				F571B72AA6F58ACD9F2B611F /* Products */,
			);
			sourceTree = "<group>";
		};
		F571B72AA6F58ACD9F2B611F /* Products */ = {
			isa = PBXGroup;
			children = (
				3FF3FECCFBCC56021490FDF0 /* ESMotionDemo.app */,
				964A3ADCA77842583C5BB44D /* ESMotionDemoUITests.xctest */,
			);
			name = Products;
			sourceTree = "<group>";
		};
/* End PBXGroup section */

/* Begin PBXNativeTarget section */
		8C2D5F7BEE99A202A385CF5F /* ESMotionDemo */ = {
			isa = PBXNativeTarget;
			buildConfigurationList = E46B5902C4B936AEAC395524 /* Build configuration list for PBXNativeTarget "ESMotionDemo" */;
			buildPhases = (
				30240FBADA7F71D74DECBC4C /* Sources */,
				4F247986E472BEEF4BA91169 /* Frameworks */,
			);
			buildRules = (
			);
			dependencies = (
			);
			name = ESMotionDemo;
			packageProductDependencies = (
				3E6B4FDA4798C5E684BE550C /* ESMotion */,
			);
			productName = ESMotionDemo;
			productReference = 3FF3FECCFBCC56021490FDF0 /* ESMotionDemo.app */;
			productType = "com.apple.product-type.application";
		};
		CB0BBCC7029748682534B287 /* ESMotionDemoUITests */ = {
			isa = PBXNativeTarget;
			buildConfigurationList = F0F2CC18426F6694957C68A3 /* Build configuration list for PBXNativeTarget "ESMotionDemoUITests" */;
			buildPhases = (
				C8C016E13D74C526A6A3674B /* Sources */,
			);
			buildRules = (
			);
			dependencies = (
				952FF0DCB044482A53410270 /* PBXTargetDependency */,
			);
			name = ESMotionDemoUITests;
			packageProductDependencies = (
			);
			productName = ESMotionDemoUITests;
			productReference = 964A3ADCA77842583C5BB44D /* ESMotionDemoUITests.xctest */;
			productType = "com.apple.product-type.bundle.ui-testing";
		};
/* End PBXNativeTarget section */

/* Begin PBXProject section */
		0A1B8504A1FF299FE0ABA752 /* Project object */ = {
			isa = PBXProject;
			attributes = {
				BuildIndependentTargetsInParallel = YES;
				LastUpgradeCheck = 1430;
				TargetAttributes = {
					8C2D5F7BEE99A202A385CF5F = {
						ProvisioningStyle = Automatic;
					};
					CB0BBCC7029748682534B287 = {
						ProvisioningStyle = Automatic;
						TestTargetID = 8C2D5F7BEE99A202A385CF5F;
					};
				};
			};
			buildConfigurationList = 874C9421E357058F4B8D32E0 /* Build configuration list for PBXProject "ESMotionDemo" */;
			developmentRegion = en;
			hasScannedForEncodings = 0;
			knownRegions = (
				Base,
				en,
			);
			mainGroup = EF294883C51A0BF94C037712;
			minimizedProjectReferenceProxies = 1;
			packageReferences = (
				829B5D2654E03AA51F048C82 /* XCLocalSwiftPackageReference "../.." */,
			);
			preferredProjectObjectVersion = 77;
			productRefGroup = F571B72AA6F58ACD9F2B611F /* Products */;
			projectDirPath = "";
			projectRoot = "";
			targets = (
				8C2D5F7BEE99A202A385CF5F /* ESMotionDemo */,
				CB0BBCC7029748682534B287 /* ESMotionDemoUITests */,
			);
		};
/* End PBXProject section */

/* Begin PBXSourcesBuildPhase section */
		30240FBADA7F71D74DECBC4C /* Sources */ = {
			isa = PBXSourcesBuildPhase;
			buildActionMask = 2147483647;
			files = (
				6355A666F06EC5C83BD8C07B /* ESMotionDemoApp.swift in Sources */,
			);
			runOnlyForDeploymentPostprocessing = 0;
		};
		C8C016E13D74C526A6A3674B /* Sources */ = {
			isa = PBXSourcesBuildPhase;
			buildActionMask = 2147483647;
			files = (
				280F6C03B9BAF22B4E3287A6 /* ESMotionDemoUITests.swift in Sources */,
			);
			runOnlyForDeploymentPostprocessing = 0;
		};
/* End PBXSourcesBuildPhase section */

/* Begin PBXTargetDependency section */
		952FF0DCB044482A53410270 /* PBXTargetDependency */ = {
			isa = PBXTargetDependency;
			target = 8C2D5F7BEE99A202A385CF5F /* ESMotionDemo */;
			targetProxy = D0AA775F786B9FB1F444F848 /* PBXContainerItemProxy */;
		};
/* End PBXTargetDependency section */

/* Begin XCBuildConfiguration section */
		12180265A43224C16565DD78 /* Debug */ = {
			isa = XCBuildConfiguration;
			buildSettings = {
				ALWAYS_SEARCH_USER_PATHS = NO;
				CLANG_ANALYZER_NONNULL = YES;
				CLANG_ANALYZER_NUMBER_OBJECT_CONVERSION = YES_AGGRESSIVE;
				CLANG_CXX_LANGUAGE_STANDARD = "gnu++14";
				CLANG_CXX_LIBRARY = "libc++";
				CLANG_ENABLE_MODULES = YES;
				CLANG_ENABLE_OBJC_ARC = YES;
				CLANG_ENABLE_OBJC_WEAK = YES;
				CLANG_WARN_BLOCK_CAPTURE_AUTORELEASING = YES;
				CLANG_WARN_BOOL_CONVERSION = YES;
				CLANG_WARN_COMMA = YES;
				CLANG_WARN_CONSTANT_CONVERSION = YES;
				CLANG_WARN_DEPRECATED_OBJC_IMPLEMENTATIONS = YES;
				CLANG_WARN_DIRECT_OBJC_ISA_USAGE = YES_ERROR;
				CLANG_WARN_DOCUMENTATION_COMMENTS = YES;
				CLANG_WARN_EMPTY_BODY = YES;
				CLANG_WARN_ENUM_CONVERSION = YES;
				CLANG_WARN_INFINITE_RECURSION = YES;
				CLANG_WARN_INT_CONVERSION = YES;
				CLANG_WARN_NON_LITERAL_NULL_CONVERSION = YES;
				CLANG_WARN_OBJC_IMPLICIT_RETAIN_SELF = YES;
				CLANG_WARN_OBJC_LITERAL_CONVERSION = YES;
				CLANG_WARN_OBJC_ROOT_CLASS = YES_ERROR;
				CLANG_WARN_QUOTED_INCLUDE_IN_FRAMEWORK_HEADER = YES;
				CLANG_WARN_RANGE_LOOP_ANALYSIS = YES;
				CLANG_WARN_STRICT_PROTOTYPES = YES;
				CLANG_WARN_SUSPICIOUS_MOVE = YES;
				CLANG_WARN_UNGUARDED_AVAILABILITY = YES_AGGRESSIVE;
				CLANG_WARN_UNREACHABLE_CODE = YES;
				CLANG_WARN__DUPLICATE_METHOD_MATCH = YES;
				COPY_PHASE_STRIP = NO;
				DEBUG_INFORMATION_FORMAT = dwarf;
				ENABLE_STRICT_OBJC_MSGSEND = YES;
				ENABLE_TESTABILITY = YES;
				GCC_C_LANGUAGE_STANDARD = gnu11;
				GCC_DYNAMIC_NO_PIC = NO;
				GCC_NO_COMMON_BLOCKS = YES;
				GCC_OPTIMIZATION_LEVEL = 0;
				GCC_PREPROCESSOR_DEFINITIONS = (
					"$(inherited)",
					"DEBUG=1",
				);
				GCC_WARN_64_TO_32_BIT_CONVERSION = YES;
				GCC_WARN_ABOUT_RETURN_TYPE = YES_ERROR;
				GCC_WARN_UNDECLARED_SELECTOR = YES;
				GCC_WARN_UNINITIALIZED_AUTOS = YES_AGGRESSIVE;
				GCC_WARN_UNUSED_FUNCTION = YES;
				GCC_WARN_UNUSED_VARIABLE = YES;
				IPHONEOS_DEPLOYMENT_TARGET = 26.0;
				MTL_ENABLE_DEBUG_INFO = INCLUDE_SOURCE;
				MTL_FAST_MATH = YES;
				ONLY_ACTIVE_ARCH = YES;
				PRODUCT_NAME = "$(TARGET_NAME)";
				SDKROOT = iphoneos;
				SWIFT_ACTIVE_COMPILATION_CONDITIONS = DEBUG;
				SWIFT_OPTIMIZATION_LEVEL = "-Onone";
				SWIFT_STRICT_CONCURRENCY = complete;
				SWIFT_VERSION = 6.0;
			};
			name = Debug;
		};
		143AAC984E897E11131291AB /* Release */ = {
			isa = XCBuildConfiguration;
			buildSettings = {
				BUNDLE_LOADER = "$(TEST_HOST)";
				CODE_SIGN_STYLE = Automatic;
				GENERATE_INFOPLIST_FILE = YES;
				LD_RUNPATH_SEARCH_PATHS = (
					"$(inherited)",
					"@executable_path/Frameworks",
					"@loader_path/Frameworks",
				);
				PRODUCT_BUNDLE_IDENTIFIER = dev.esmotion.demo.uitests;
				SDKROOT = iphoneos;
				TARGETED_DEVICE_FAMILY = "1,2";
				TEST_TARGET_NAME = ESMotionDemo;
			};
			name = Release;
		};
		16B4946C4AE2C1D13F7E8C7D /* Release */ = {
			isa = XCBuildConfiguration;
			buildSettings = {
				ALWAYS_SEARCH_USER_PATHS = NO;
				CLANG_ANALYZER_NONNULL = YES;
				CLANG_ANALYZER_NUMBER_OBJECT_CONVERSION = YES_AGGRESSIVE;
				CLANG_CXX_LANGUAGE_STANDARD = "gnu++14";
				CLANG_CXX_LIBRARY = "libc++";
				CLANG_ENABLE_MODULES = YES;
				CLANG_ENABLE_OBJC_ARC = YES;
				CLANG_ENABLE_OBJC_WEAK = YES;
				CLANG_WARN_BLOCK_CAPTURE_AUTORELEASING = YES;
				CLANG_WARN_BOOL_CONVERSION = YES;
				CLANG_WARN_COMMA = YES;
				CLANG_WARN_CONSTANT_CONVERSION = YES;
				CLANG_WARN_DEPRECATED_OBJC_IMPLEMENTATIONS = YES;
				CLANG_WARN_DIRECT_OBJC_ISA_USAGE = YES_ERROR;
				CLANG_WARN_DOCUMENTATION_COMMENTS = YES;
				CLANG_WARN_EMPTY_BODY = YES;
				CLANG_WARN_ENUM_CONVERSION = YES;
				CLANG_WARN_INFINITE_RECURSION = YES;
				CLANG_WARN_INT_CONVERSION = YES;
				CLANG_WARN_NON_LITERAL_NULL_CONVERSION = YES;
				CLANG_WARN_OBJC_IMPLICIT_RETAIN_SELF = YES;
				CLANG_WARN_OBJC_LITERAL_CONVERSION = YES;
				CLANG_WARN_OBJC_ROOT_CLASS = YES_ERROR;
				CLANG_WARN_QUOTED_INCLUDE_IN_FRAMEWORK_HEADER = YES;
				CLANG_WARN_RANGE_LOOP_ANALYSIS = YES;
				CLANG_WARN_STRICT_PROTOTYPES = YES;
				CLANG_WARN_SUSPICIOUS_MOVE = YES;
				CLANG_WARN_UNGUARDED_AVAILABILITY = YES_AGGRESSIVE;
				CLANG_WARN_UNREACHABLE_CODE = YES;
				CLANG_WARN__DUPLICATE_METHOD_MATCH = YES;
				COPY_PHASE_STRIP = NO;
				DEBUG_INFORMATION_FORMAT = "dwarf-with-dsym";
				ENABLE_NS_ASSERTIONS = NO;
				ENABLE_STRICT_OBJC_MSGSEND = YES;
				GCC_C_LANGUAGE_STANDARD = gnu11;
				GCC_NO_COMMON_BLOCKS = YES;
				GCC_WARN_64_TO_32_BIT_CONVERSION = YES;
				GCC_WARN_ABOUT_RETURN_TYPE = YES_ERROR;
				GCC_WARN_UNDECLARED_SELECTOR = YES;
				GCC_WARN_UNINITIALIZED_AUTOS = YES_AGGRESSIVE;
				GCC_WARN_UNUSED_FUNCTION = YES;
				GCC_WARN_UNUSED_VARIABLE = YES;
				IPHONEOS_DEPLOYMENT_TARGET = 26.0;
				MTL_ENABLE_DEBUG_INFO = NO;
				MTL_FAST_MATH = YES;
				PRODUCT_NAME = "$(TARGET_NAME)";
				SDKROOT = iphoneos;
				SWIFT_COMPILATION_MODE = wholemodule;
				SWIFT_OPTIMIZATION_LEVEL = "-O";
				SWIFT_STRICT_CONCURRENCY = complete;
				SWIFT_VERSION = 6.0;
			};
			name = Release;
		};
		5C4619224D1039DBB9D82C1E /* Debug */ = {
			isa = XCBuildConfiguration;
			buildSettings = {
				ASSETCATALOG_COMPILER_APPICON_NAME = AppIcon;
				ASSETCATALOG_COMPILER_GENERATE_SWIFT_ASSET_SYMBOL_EXTENSIONS = YES;
				CODE_SIGN_IDENTITY = "iPhone Developer";
				CODE_SIGN_STYLE = Automatic;
				DEVELOPMENT_TEAM = 7BBQMZ87SM;
				GENERATE_INFOPLIST_FILE = YES;
				INFOPLIST_KEY_CFBundleDisplayName = ESMotion;
				INFOPLIST_KEY_UIApplicationSceneManifest_Generation = YES;
				INFOPLIST_KEY_UIApplicationSupportsIndirectInputEvents = YES;
				INFOPLIST_KEY_UILaunchScreen_Generation = YES;
				LD_RUNPATH_SEARCH_PATHS = (
					"$(inherited)",
					"@executable_path/Frameworks",
				);
				PRODUCT_BUNDLE_IDENTIFIER = dev.esmotion.demo;
				PRODUCT_NAME = ESMotionDemo;
				SDKROOT = iphoneos;
				TARGETED_DEVICE_FAMILY = "1,2";
			};
			name = Debug;
		};
		8740DA9A4AD414ACA2E7F227 /* Release */ = {
			isa = XCBuildConfiguration;
			buildSettings = {
				ASSETCATALOG_COMPILER_APPICON_NAME = AppIcon;
				ASSETCATALOG_COMPILER_GENERATE_SWIFT_ASSET_SYMBOL_EXTENSIONS = YES;
				CODE_SIGN_IDENTITY = "iPhone Developer";
				CODE_SIGN_STYLE = Automatic;
				DEVELOPMENT_TEAM = 7BBQMZ87SM;
				GENERATE_INFOPLIST_FILE = YES;
				INFOPLIST_KEY_CFBundleDisplayName = ESMotion;
				INFOPLIST_KEY_UIApplicationSceneManifest_Generation = YES;
				INFOPLIST_KEY_UIApplicationSupportsIndirectInputEvents = YES;
				INFOPLIST_KEY_UILaunchScreen_Generation = YES;
				LD_RUNPATH_SEARCH_PATHS = (
					"$(inherited)",
					"@executable_path/Frameworks",
				);
				PRODUCT_BUNDLE_IDENTIFIER = dev.esmotion.demo;
				PRODUCT_NAME = ESMotionDemo;
				SDKROOT = iphoneos;
				TARGETED_DEVICE_FAMILY = "1,2";
			};
			name = Release;
		};
		EF033F4A4A01C627A0139282 /* Debug */ = {
			isa = XCBuildConfiguration;
			buildSettings = {
				BUNDLE_LOADER = "$(TEST_HOST)";
				CODE_SIGN_STYLE = Automatic;
				GENERATE_INFOPLIST_FILE = YES;
				LD_RUNPATH_SEARCH_PATHS = (
					"$(inherited)",
					"@executable_path/Frameworks",
					"@loader_path/Frameworks",
				);
				PRODUCT_BUNDLE_IDENTIFIER = dev.esmotion.demo.uitests;
				SDKROOT = iphoneos;
				TARGETED_DEVICE_FAMILY = "1,2";
				TEST_TARGET_NAME = ESMotionDemo;
			};
			name = Debug;
		};
/* End XCBuildConfiguration section */

/* Begin XCConfigurationList section */
		874C9421E357058F4B8D32E0 /* Build configuration list for PBXProject "ESMotionDemo" */ = {
			isa = XCConfigurationList;
			buildConfigurations = (
				12180265A43224C16565DD78 /* Debug */,
				16B4946C4AE2C1D13F7E8C7D /* Release */,
			);
			defaultConfigurationIsVisible = 0;
			defaultConfigurationName = Debug;
		};
		E46B5902C4B936AEAC395524 /* Build configuration list for PBXNativeTarget "ESMotionDemo" */ = {
			isa = XCConfigurationList;
			buildConfigurations = (
				5C4619224D1039DBB9D82C1E /* Debug */,
				8740DA9A4AD414ACA2E7F227 /* Release */,
			);
			defaultConfigurationIsVisible = 0;
			defaultConfigurationName = Debug;
		};
		F0F2CC18426F6694957C68A3 /* Build configuration list for PBXNativeTarget "ESMotionDemoUITests" */ = {
			isa = XCConfigurationList;
			buildConfigurations = (
				EF033F4A4A01C627A0139282 /* Debug */,
				143AAC984E897E11131291AB /* Release */,
			);
			defaultConfigurationIsVisible = 0;
			defaultConfigurationName = Debug;
		};
/* End XCConfigurationList section */

/* Begin XCLocalSwiftPackageReference section */
		829B5D2654E03AA51F048C82 /* XCLocalSwiftPackageReference "../.." */ = {
			isa = XCLocalSwiftPackageReference;
			relativePath = ../..;
		};
/* End XCLocalSwiftPackageReference section */

/* Begin XCSwiftPackageProductDependency section */
		3E6B4FDA4798C5E684BE550C /* ESMotion */ = {
			isa = XCSwiftPackageProductDependency;
			productName = ESMotion;
		};
/* End XCSwiftPackageProductDependency section */
	};
	rootObject = 0A1B8504A1FF299FE0ABA752 /* Project object */;
}
