// !$*UTF8*$!
{
	archiveVersion = 1;
	classes = {
	};
	objectVersion = 77;
	objects = {

/* Begin PBXBuildFile section */
		13BE692712CB12C4B2CA4427 /* ESMotionTransitionLabUITests.swift in Sources */ = {isa = PBXBuildFile; fileRef = 52F3BE2D5E0C221CD0C3C5C1 /* ESMotionTransitionLabUITests.swift */; };
		39239E9D12BEB560B07D9014 /* ESMotion in Frameworks */ = {isa = PBXBuildFile; productRef = B2EF11E404697BBC27B4F1F6 /* ESMotion */; };
		E0C89B7BF3458AC0FA3818A8 /* ESMotionTransitionLabApp.swift in Sources */ = {isa = PBXBuildFile; fileRef = DD0B853EDACCE0B80C32BABA /* ESMotionTransitionLabApp.swift */; };
/* End PBXBuildFile section */

/* Begin PBXContainerItemProxy section */
		57455118D19C82905D08DF9F /* PBXContainerItemProxy */ = {
			isa = PBXContainerItemProxy;
			containerPortal = 5BC94E31CAC03A646921D6A1 /* Project object */;
			proxyType = 1;
			remoteGlobalIDString = D8C54A1D2EF89B8B6CE780D9;
			remoteInfo = ESMotionTransitionLab;
		};
/* End PBXContainerItemProxy section */

/* Begin PBXFileReference section */
		52F3BE2D5E0C221CD0C3C5C1 /* ESMotionTransitionLabUITests.swift */ = {isa = PBXFileReference; lastKnownFileType = sourcecode.swift; path = ESMotionTransitionLabUITests.swift; sourceTree = "<group>"; };
		5781E60AC1579F9C8F9AE149 /* ESMotion */ = {isa = PBXFileReference; lastKnownFileType = folder; name = ESMotion; path = ../..; sourceTree = SOURCE_ROOT; };
		63B618AFE85A31E4F94DD885 /* ESMotionTransitionLab.app */ = {isa = PBXFileReference; explicitFileType = wrapper.application; includeInIndex = 0; path = ESMotionTransitionLab.app; sourceTree = BUILT_PRODUCTS_DIR; };
		686A575479C87FA391AA054C /* ESMotionTransitionLabUITests.xctest */ = {isa = PBXFileReference; includeInIndex = 0; lastKnownFileType = wrapper.cfbundle; path = ESMotionTransitionLabUITests.xctest; sourceTree = BUILT_PRODUCTS_DIR; };
		DD0B853EDACCE0B80C32BABA /* ESMotionTransitionLabApp.swift */ = {isa = PBXFileReference; lastKnownFileType = sourcecode.swift; path = ESMotionTransitionLabApp.swift; sourceTree = "<group>"; };
/* End PBXFileReference section */

/* Begin PBXFrameworksBuildPhase section */
		2C303421ABE0A7F75DDB0136 /* Frameworks */ = {
			isa = PBXFrameworksBuildPhase;
			buildActionMask = 2147483647;
			files = (
				39239E9D12BEB560B07D9014 /* ESMotion in Frameworks */,
			);
			runOnlyForDeploymentPostprocessing = 0;
		};
/* End PBXFrameworksBuildPhase section */

/* Begin PBXGroup section */
		2AC1D6B9202FFE68A59D973D /* Packages */ = {
			isa = PBXGroup;
			children = (
				5781E60AC1579F9C8F9AE149 /* ESMotion */,
			);
			name = Packages;
			sourceTree = "<group>";
		};
		9C221AE0629CA7D6BF7D45EF /* ESMotionTransitionLabUITests */ = {
			isa = PBXGroup;
			children = (
				52F3BE2D5E0C221CD0C3C5C1 /* ESMotionTransitionLabUITests.swift */,
			);
			path = ESMotionTransitionLabUITests;
			sourceTree = "<group>";
		};
		BC95F1E134CDC97B66CFF904 = {
			isa = PBXGroup;
			children = (
				E15D41E91E318643AFF156B6 /* ESMotionTransitionLab */,
				9C221AE0629CA7D6BF7D45EF /* ESMotionTransitionLabUITests */,
				2AC1D6B9202FFE68A59D973D /* Packages */,
				E4602A9D6D6BB96C23F08BB8 /* Products */,
			);
			sourceTree = "<group>";
		};
		E15D41E91E318643AFF156B6 /* ESMotionTransitionLab */ = {
			isa = PBXGroup;
			children = (
				DD0B853EDACCE0B80C32BABA /* ESMotionTransitionLabApp.swift */,
			);
			path = ESMotionTransitionLab;
			sourceTree = "<group>";
		};
		E4602A9D6D6BB96C23F08BB8 /* Products */ = {
			isa = PBXGroup;
			children = (
				63B618AFE85A31E4F94DD885 /* ESMotionTransitionLab.app */,
				686A575479C87FA391AA054C /* ESMotionTransitionLabUITests.xctest */,
			);
			name = Products;
			sourceTree = "<group>";
		};
/* End PBXGroup section */

/* Begin PBXNativeTarget section */
		8C39DA55CE98CA063E0E4928 /* ESMotionTransitionLabUITests */ = {
			isa = PBXNativeTarget;
			buildConfigurationList = 45FAA65B285D12306A5CA118 /* Build configuration list for PBXNativeTarget "ESMotionTransitionLabUITests" */;
			buildPhases = (
				81F524D506B332BA4E717FD0 /* Sources */,
			);
			buildRules = (
			);
			dependencies = (
				FDBE03277E795EE51234CAA9 /* PBXTargetDependency */,
			);
			name = ESMotionTransitionLabUITests;
			packageProductDependencies = (
			);
			productName = ESMotionTransitionLabUITests;
			productReference = 686A575479C87FA391AA054C /* ESMotionTransitionLabUITests.xctest */;
			productType = "com.apple.product-type.bundle.ui-testing";
		};
		D8C54A1D2EF89B8B6CE780D9 /* ESMotionTransitionLab */ = {
			isa = PBXNativeTarget;
			buildConfigurationList = 5136558B4366405F9FB73157 /* Build configuration list for PBXNativeTarget "ESMotionTransitionLab" */;
			buildPhases = (
				40EF6D94BA9B62F8B41F7090 /* Sources */,
				2C303421ABE0A7F75DDB0136 /* Frameworks */,
			);
			buildRules = (
			);
			dependencies = (
			);
			name = ESMotionTransitionLab;
			packageProductDependencies = (
				B2EF11E404697BBC27B4F1F6 /* ESMotion */,
			);
			productName = ESMotionTransitionLab;
			productReference = 63B618AFE85A31E4F94DD885 /* ESMotionTransitionLab.app */;
			productType = "com.apple.product-type.application";
		};
/* End PBXNativeTarget section */

/* Begin PBXProject section */
		5BC94E31CAC03A646921D6A1 /* Project object */ = {
			isa = PBXProject;
			attributes = {
				BuildIndependentTargetsInParallel = YES;
				LastUpgradeCheck = 1430;
				TargetAttributes = {
					8C39DA55CE98CA063E0E4928 = {
						TestTargetID = D8C54A1D2EF89B8B6CE780D9;
					};
				};
			};
			buildConfigurationList = 0AD7A6C6D3DD437B705F7ADD /* Build configuration list for PBXProject "ESMotionTransitionLab" */;
			developmentRegion = en;
			hasScannedForEncodings = 0;
			knownRegions = (
				Base,
				en,
			);
			mainGroup = BC95F1E134CDC97B66CFF904;
			minimizedProjectReferenceProxies = 1;
			packageReferences = (
				D21505E40A44752E907CEDB9 /* XCLocalSwiftPackageReference "../.." */,
			);
			preferredProjectObjectVersion = 77;
			productRefGroup = E4602A9D6D6BB96C23F08BB8 /* Products */;
			projectDirPath = "";
			projectRoot = "";
			targets = (
				D8C54A1D2EF89B8B6CE780D9 /* ESMotionTransitionLab */,
				8C39DA55CE98CA063E0E4928 /* ESMotionTransitionLabUITests */,
			);
		};
/* End PBXProject section */

/* Begin PBXSourcesBuildPhase section */
		40EF6D94BA9B62F8B41F7090 /* Sources */ = {
			isa = PBXSourcesBuildPhase;
			buildActionMask = 2147483647;
			files = (
				E0C89B7BF3458AC0FA3818A8 /* ESMotionTransitionLabApp.swift in Sources */,
			);
			runOnlyForDeploymentPostprocessing = 0;
		};
		81F524D506B332BA4E717FD0 /* Sources */ = {
			isa = PBXSourcesBuildPhase;
			buildActionMask = 2147483647;
			files = (
				13BE692712CB12C4B2CA4427 /* ESMotionTransitionLabUITests.swift in Sources */,
			);
			runOnlyForDeploymentPostprocessing = 0;
		};
/* End PBXSourcesBuildPhase section */

/* Begin PBXTargetDependency section */
		FDBE03277E795EE51234CAA9 /* PBXTargetDependency */ = {
			isa = PBXTargetDependency;
			target = D8C54A1D2EF89B8B6CE780D9 /* ESMotionTransitionLab */;
			targetProxy = 57455118D19C82905D08DF9F /* PBXContainerItemProxy */;
		};
/* End PBXTargetDependency section */

/* Begin XCBuildConfiguration section */
		113F025E2E03CAD7E312E28C /* Debug */ = {
			isa = XCBuildConfiguration;
			buildSettings = {
				ALWAYS_SEARCH_USER_PATHS = NO;
				CLANG_ANALYZER_NONNULL = YES;
				CLANG_ANALYZER_NUMBER_OBJECT_CONVERSION = YES_AGGRESSIVE;
				CLANG_CXX_LANGUAGE_STANDARD = "gnu++14";
				CLANG_CXX_LIBRARY = "libc++";
				CLANG_ENABLE_MODULES = YES;
				CLANG_ENABLE_OBJC_ARC = YES;
				CLANG_ENABLE_OBJC_WEAK = YES;
				CLANG_WARN_BLOCK_CAPTURE_AUTORELEASING = YES;
				CLANG_WARN_BOOL_CONVERSION = YES;
				CLANG_WARN_COMMA = YES;
				CLANG_WARN_CONSTANT_CONVERSION = YES;
				CLANG_WARN_DEPRECATED_OBJC_IMPLEMENTATIONS = YES;
				CLANG_WARN_DIRECT_OBJC_ISA_USAGE = YES_ERROR;
				CLANG_WARN_DOCUMENTATION_COMMENTS = YES;
				CLANG_WARN_EMPTY_BODY = YES;
				CLANG_WARN_ENUM_CONVERSION = YES;
				CLANG_WARN_INFINITE_RECURSION = YES;
				CLANG_WARN_INT_CONVERSION = YES;
				CLANG_WARN_NON_LITERAL_NULL_CONVERSION = YES;
				CLANG_WARN_OBJC_IMPLICIT_RETAIN_SELF = YES;
				CLANG_WARN_OBJC_LITERAL_CONVERSION = YES;
				CLANG_WARN_OBJC_ROOT_CLASS = YES_ERROR;
				CLANG_WARN_QUOTED_INCLUDE_IN_FRAMEWORK_HEADER = YES;
				CLANG_WARN_RANGE_LOOP_ANALYSIS = YES;
				CLANG_WARN_STRICT_PROTOTYPES = YES;
				CLANG_WARN_SUSPICIOUS_MOVE = YES;
				CLANG_WARN_UNGUARDED_AVAILABILITY = YES_AGGRESSIVE;
				CLANG_WARN_UNREACHABLE_CODE = YES;
				CLANG_WARN__DUPLICATE_METHOD_MATCH = YES;
				COPY_PHASE_STRIP = NO;
				DEBUG_INFORMATION_FORMAT = dwarf;
				ENABLE_STRICT_OBJC_MSGSEND = YES;
				ENABLE_TESTABILITY = YES;
				GCC_C_LANGUAGE_STANDARD = gnu11;
				GCC_DYNAMIC_NO_PIC = NO;
				GCC_NO_COMMON_BLOCKS = YES;
				GCC_OPTIMIZATION_LEVEL = 0;
				GCC_PREPROCESSOR_DEFINITIONS = (
					"$(inherited)",
					"DEBUG=1",
				);
				GCC_WARN_64_TO_32_BIT_CONVERSION = YES;
				GCC_WARN_ABOUT_RETURN_TYPE = YES_ERROR;
				GCC_WARN_UNDECLARED_SELECTOR = YES;
				GCC_WARN_UNINITIALIZED_AUTOS = YES_AGGRESSIVE;
				GCC_WARN_UNUSED_FUNCTION = YES;
				GCC_WARN_UNUSED_VARIABLE = YES;
				IPHONEOS_DEPLOYMENT_TARGET = 26.0;
				MTL_ENABLE_DEBUG_INFO = INCLUDE_SOURCE;
				MTL_FAST_MATH = YES;
				ONLY_ACTIVE_ARCH = YES;
				PRODUCT_NAME = "$(TARGET_NAME)";
				SDKROOT = iphoneos;
				SWIFT_ACTIVE_COMPILATION_CONDITIONS = DEBUG;
				SWIFT_OPTIMIZATION_LEVEL = "-Onone";
				SWIFT_VERSION = 5.0;
			};
			name = Debug;
		};
		1B6D7C1C7DFA79F67CCA6A77 /* Debug */ = {
			isa = XCBuildConfiguration;
			buildSettings = {
				ASSETCATALOG_COMPILER_APPICON_NAME = AppIcon;
				CADisableMinimumFrameDurationOnPhone = YES;
				CODE_SIGN_IDENTITY = "iPhone Developer";
				GENERATE_INFOPLIST_FILE = YES;
				INFOPLIST_KEY_UIApplicationSceneManifest_Generation = YES;
				INFOPLIST_KEY_UIApplicationSupportsIndirectInputEvents = YES;
				LD_RUNPATH_SEARCH_PATHS = (
					"$(inherited)",
					"@executable_path/Frameworks",
				);
				PRODUCT_BUNDLE_IDENTIFIER = dev.esmotion.transitionlab;
				SDKROOT = iphoneos;
				SWIFT_VERSION = 6.0;
				TARGETED_DEVICE_FAMILY = "1,2";
			};
			name = Debug;
		};
		4BE3739949E893358A0DAE44 /* Release */ = {
			isa = XCBuildConfiguration;
			buildSettings = {
				BUNDLE_LOADER = "$(TEST_HOST)";
				GENERATE_INFOPLIST_FILE = YES;
				LD_RUNPATH_SEARCH_PATHS = (
					"$(inherited)",
					"@executable_path/Frameworks",
					"@loader_path/Frameworks",
				);
				PRODUCT_BUNDLE_IDENTIFIER = dev.esmotion.transitionlab.uitests;
				SDKROOT = iphoneos;
				SWIFT_VERSION = 6.0;
				TARGETED_DEVICE_FAMILY = "1,2";
				TEST_TARGET_NAME = ESMotionTransitionLab;
			};
			name = Release;
		};
		4C05D13A6159D496F75F1355 /* Release */ = {
			isa = XCBuildConfiguration;
			buildSettings = {
				ASSETCATALOG_COMPILER_APPICON_NAME = AppIcon;
				CADisableMinimumFrameDurationOnPhone = YES;
				CODE_SIGN_IDENTITY = "iPhone Developer";
				GENERATE_INFOPLIST_FILE = YES;
				INFOPLIST_KEY_UIApplicationSceneManifest_Generation = YES;
				INFOPLIST_KEY_UIApplicationSupportsIndirectInputEvents = YES;
				LD_RUNPATH_SEARCH_PATHS = (
					"$(inherited)",
					"@executable_path/Frameworks",
				);
				PRODUCT_BUNDLE_IDENTIFIER = dev.esmotion.transitionlab;
				SDKROOT = iphoneos;
				SWIFT_VERSION = 6.0;
				TARGETED_DEVICE_FAMILY = "1,2";
			};
			name = Release;
		};
		D1F3F933305ECFA299309ED6 /* Debug */ = {
			isa = XCBuildConfiguration;
			buildSettings = {
				BUNDLE_LOADER = "$(TEST_HOST)";
				GENERATE_INFOPLIST_FILE = YES;
				LD_RUNPATH_SEARCH_PATHS = (
					"$(inherited)",
					"@executable_path/Frameworks",
					"@loader_path/Frameworks",
				);
				PRODUCT_BUNDLE_IDENTIFIER = dev.esmotion.transitionlab.uitests;
				SDKROOT = iphoneos;
				SWIFT_VERSION = 6.0;
				TARGETED_DEVICE_FAMILY = "1,2";
				TEST_TARGET_NAME = ESMotionTransitionLab;
			};
			name = Debug;
		};
		DB8C601865F42B5E220A9959 /* Release */ = {
			isa = XCBuildConfiguration;
			buildSettings = {
				ALWAYS_SEARCH_USER_PATHS = NO;
				CLANG_ANALYZER_NONNULL = YES;
				CLANG_ANALYZER_NUMBER_OBJECT_CONVERSION = YES_AGGRESSIVE;
				CLANG_CXX_LANGUAGE_STANDARD = "gnu++14";
				CLANG_CXX_LIBRARY = "libc++";
				CLANG_ENABLE_MODULES = YES;
				CLANG_ENABLE_OBJC_ARC = YES;
				CLANG_ENABLE_OBJC_WEAK = YES;
				CLANG_WARN_BLOCK_CAPTURE_AUTORELEASING = YES;
				CLANG_WARN_BOOL_CONVERSION = YES;
				CLANG_WARN_COMMA = YES;
				CLANG_WARN_CONSTANT_CONVERSION = YES;
				CLANG_WARN_DEPRECATED_OBJC_IMPLEMENTATIONS = YES;
				CLANG_WARN_DIRECT_OBJC_ISA_USAGE = YES_ERROR;
				CLANG_WARN_DOCUMENTATION_COMMENTS = YES;
				CLANG_WARN_EMPTY_BODY = YES;
				CLANG_WARN_ENUM_CONVERSION = YES;
				CLANG_WARN_INFINITE_RECURSION = YES;
				CLANG_WARN_INT_CONVERSION = YES;
				CLANG_WARN_NON_LITERAL_NULL_CONVERSION = YES;
				CLANG_WARN_OBJC_IMPLICIT_RETAIN_SELF = YES;
				CLANG_WARN_OBJC_LITERAL_CONVERSION = YES;
				CLANG_WARN_OBJC_ROOT_CLASS = YES_ERROR;
				CLANG_WARN_QUOTED_INCLUDE_IN_FRAMEWORK_HEADER = YES;
				CLANG_WARN_RANGE_LOOP_ANALYSIS = YES;
				CLANG_WARN_STRICT_PROTOTYPES = YES;
				CLANG_WARN_SUSPICIOUS_MOVE = YES;
				CLANG_WARN_UNGUARDED_AVAILABILITY = YES_AGGRESSIVE;
				CLANG_WARN_UNREACHABLE_CODE = YES;
				CLANG_WARN__DUPLICATE_METHOD_MATCH = YES;
				COPY_PHASE_STRIP = NO;
				DEBUG_INFORMATION_FORMAT = "dwarf-with-dsym";
				ENABLE_NS_ASSERTIONS = NO;
				ENABLE_STRICT_OBJC_MSGSEND = YES;
				GCC_C_LANGUAGE_STANDARD = gnu11;
				GCC_NO_COMMON_BLOCKS = YES;
				GCC_WARN_64_TO_32_BIT_CONVERSION = YES;
				GCC_WARN_ABOUT_RETURN_TYPE = YES_ERROR;
				GCC_WARN_UNDECLARED_SELECTOR = YES;
				GCC_WARN_UNINITIALIZED_AUTOS = YES_AGGRESSIVE;
				GCC_WARN_UNUSED_FUNCTION = YES;
				GCC_WARN_UNUSED_VARIABLE = YES;
				IPHONEOS_DEPLOYMENT_TARGET = 26.0;
				MTL_ENABLE_DEBUG_INFO = NO;
				MTL_FAST_MATH = YES;
				PRODUCT_NAME = "$(TARGET_NAME)";
				SDKROOT = iphoneos;
				SWIFT_COMPILATION_MODE = wholemodule;
				SWIFT_OPTIMIZATION_LEVEL = "-O";
				SWIFT_VERSION = 5.0;
			};
			name = Release;
		};
/* End XCBuildConfiguration section */

/* Begin XCConfigurationList section */
		0AD7A6C6D3DD437B705F7ADD /* Build configuration list for PBXProject "ESMotionTransitionLab" */ = {
			isa = XCConfigurationList;
			buildConfigurations = (
				113F025E2E03CAD7E312E28C /* Debug */,
				DB8C601865F42B5E220A9959 /* Release */,
			);
			defaultConfigurationIsVisible = 0;
			defaultConfigurationName = Debug;
		};
		45FAA65B285D12306A5CA118 /* Build configuration list for PBXNativeTarget "ESMotionTransitionLabUITests" */ = {
			isa = XCConfigurationList;
			buildConfigurations = (
				D1F3F933305ECFA299309ED6 /* Debug */,
				4BE3739949E893358A0DAE44 /* Release */,
			);
			defaultConfigurationIsVisible = 0;
			defaultConfigurationName = Debug;
		};
		5136558B4366405F9FB73157 /* Build configuration list for PBXNativeTarget "ESMotionTransitionLab" */ = {
			isa = XCConfigurationList;
			buildConfigurations = (
				1B6D7C1C7DFA79F67CCA6A77 /* Debug */,
				4C05D13A6159D496F75F1355 /* Release */,
			);
			defaultConfigurationIsVisible = 0;
			defaultConfigurationName = Debug;
		};
/* End XCConfigurationList section */

/* Begin XCLocalSwiftPackageReference section */
		D21505E40A44752E907CEDB9 /* XCLocalSwiftPackageReference "../.." */ = {
			isa = XCLocalSwiftPackageReference;
			relativePath = ../..;
		};
/* End XCLocalSwiftPackageReference section */

/* Begin XCSwiftPackageProductDependency section */
		B2EF11E404697BBC27B4F1F6 /* ESMotion */ = {
			isa = XCSwiftPackageProductDependency;
			productName = ESMotion;
		};
/* End XCSwiftPackageProductDependency section */
	};
	rootObject = 5BC94E31CAC03A646921D6A1 /* Project object */;
}
